
Microsoft Visual Studio Solution File, Format Version 12.00
# Visual Studio 15
VisualStudioVersion = 15.0.27130.2010
MinimumVisualStudioVersion = 10.0.40219.1
Project("{2150E333-8FDC-42A3-9474-1A3956D46DE8}") = "Libraries", "Libraries", "{5EEFDBEF-B945-4CC2-9FE3-F94AC9DBCA52}"
EndProject
Project("{2150E333-8FDC-42A3-9474-1A3956D46DE8}") = "Presentation", "Presentation", "{315A26AC-6324-49BF-901B-AEF30F7F0E7D}"
EndProject
Project("{2150E333-8FDC-42A3-9474-1A3956D46DE8}") = "Tests", "Tests", "{520E1FE2-8F29-4A05-AC27-5143D0A37D6B}"
EndProject
Project("{9A19103F-16F7-4668-BE54-9A1E7A4F7556}") = "Template.Core", "Libraries\Template.Core\Template.Core.csproj", "{30457F53-B4B6-4107-ACE5-A3F4A7F061A1}"
EndProject
Project("{9A19103F-16F7-4668-BE54-9A1E7A4F7556}") = "Template.Data", "Libraries\Template.Data\Template.Data.csproj", "{2955991C-40F0-4E1F-98C4-5F32C422F4FF}"
EndProject
Project("{9A19103F-16F7-4668-BE54-9A1E7A4F7556}") = "Template.Services", "Libraries\Template.Services\Template.Services.csproj", "{32516CEB-4EC4-4F61-92F6-7674756FF30C}"
EndProject
Project("{9A19103F-16F7-4668-BE54-9A1E7A4F7556}") = "Template.Web", "Presentation\Template.Web\Template.Web.csproj", "{88512247-476B-4062-9F02-6AE913C0548B}"
EndProject
Project("{E24C65DC-7377-472B-9ABA-BC803B73C61A}") = "Template.Web.Client", "Presentation\Template.Web.Client\", "{F6618D8A-3644-4133-9671-863833745508}"
	ProjectSection(WebsiteProperties) = preProject
		TargetFrameworkMoniker = ".NETFramework,Version%3Dv4.0"
		Debug.AspNetCompiler.VirtualPath = "/localhost_33751"
		Debug.AspNetCompiler.PhysicalPath = "Presentation\Template.Web.Client\"
		Debug.AspNetCompiler.TargetPath = "PrecompiledWeb\localhost_33751\"
		Debug.AspNetCompiler.Updateable = "true"
		Debug.AspNetCompiler.ForceOverwrite = "true"
		Debug.AspNetCompiler.FixedNames = "false"
		Debug.AspNetCompiler.Debug = "True"
		Release.AspNetCompiler.VirtualPath = "/localhost_33751"
		Release.AspNetCompiler.PhysicalPath = "Presentation\Template.Web.Client\"
		Release.AspNetCompiler.TargetPath = "PrecompiledWeb\localhost_33751\"
		Release.AspNetCompiler.Updateable = "true"
		Release.AspNetCompiler.ForceOverwrite = "true"
		Release.AspNetCompiler.FixedNames = "false"
		Release.AspNetCompiler.Debug = "False"
		VWDPort = "33751"
		SlnRelativePath = "Presentation\Template.Web.Client\"
	EndProjectSection
EndProject
Global
	GlobalSection(SolutionConfigurationPlatforms) = preSolution
		Debug|Any CPU = Debug|Any CPU
		Release|Any CPU = Release|Any CPU
	EndGlobalSection
	GlobalSection(ProjectConfigurationPlatforms) = postSolution
		{30457F53-B4B6-4107-ACE5-A3F4A7F061A1}.Debug|Any CPU.ActiveCfg = Debug|Any CPU
		{30457F53-B4B6-4107-ACE5-A3F4A7F061A1}.Debug|Any CPU.Build.0 = Debug|Any CPU
		{30457F53-B4B6-4107-ACE5-A3F4A7F061A1}.Release|Any CPU.ActiveCfg = Release|Any CPU
		{30457F53-B4B6-4107-ACE5-A3F4A7F061A1}.Release|Any CPU.Build.0 = Release|Any CPU
		{2955991C-40F0-4E1F-98C4-5F32C422F4FF}.Debug|Any CPU.ActiveCfg = Debug|Any CPU
		{2955991C-40F0-4E1F-98C4-5F32C422F4FF}.Debug|Any CPU.Build.0 = Debug|Any CPU
		{2955991C-40F0-4E1F-98C4-5F32C422F4FF}.Release|Any CPU.ActiveCfg = Release|Any CPU
		{2955991C-40F0-4E1F-98C4-5F32C422F4FF}.Release|Any CPU.Build.0 = Release|Any CPU
		{32516CEB-4EC4-4F61-92F6-7674756FF30C}.Debug|Any CPU.ActiveCfg = Debug|Any CPU
		{32516CEB-4EC4-4F61-92F6-7674756FF30C}.Debug|Any CPU.Build.0 = Debug|Any CPU
		{32516CEB-4EC4-4F61-92F6-7674756FF30C}.Release|Any CPU.ActiveCfg = Release|Any CPU
		{32516CEB-4EC4-4F61-92F6-7674756FF30C}.Release|Any CPU.Build.0 = Release|Any CPU
		{88512247-476B-4062-9F02-6AE913C0548B}.Debug|Any CPU.ActiveCfg = Debug|Any CPU
		{88512247-476B-4062-9F02-6AE913C0548B}.Debug|Any CPU.Build.0 = Debug|Any CPU
		{88512247-476B-4062-9F02-6AE913C0548B}.Release|Any CPU.ActiveCfg = Release|Any CPU
		{88512247-476B-4062-9F02-6AE913C0548B}.Release|Any CPU.Build.0 = Release|Any CPU
		{F6618D8A-3644-4133-9671-863833745508}.Debug|Any CPU.ActiveCfg = Debug|Any CPU
		{F6618D8A-3644-4133-9671-863833745508}.Debug|Any CPU.Build.0 = Debug|Any CPU
		{F6618D8A-3644-4133-9671-863833745508}.Release|Any CPU.ActiveCfg = Debug|Any CPU
		{F6618D8A-3644-4133-9671-863833745508}.Release|Any CPU.Build.0 = Debug|Any CPU
	EndGlobalSection
	GlobalSection(SolutionProperties) = preSolution
		HideSolutionNode = FALSE
	EndGlobalSection
	GlobalSection(NestedProjects) = preSolution
		{30457F53-B4B6-4107-ACE5-A3F4A7F061A1} = {5EEFDBEF-B945-4CC2-9FE3-F94AC9DBCA52}
		{2955991C-40F0-4E1F-98C4-5F32C422F4FF} = {5EEFDBEF-B945-4CC2-9FE3-F94AC9DBCA52}
		{32516CEB-4EC4-4F61-92F6-7674756FF30C} = {5EEFDBEF-B945-4CC2-9FE3-F94AC9DBCA52}
		{88512247-476B-4062-9F02-6AE913C0548B} = {315A26AC-6324-49BF-901B-AEF30F7F0E7D}
		{F6618D8A-3644-4133-9671-863833745508} = {315A26AC-6324-49BF-901B-AEF30F7F0E7D}
	EndGlobalSection
	GlobalSection(ExtensibilityGlobals) = postSolution
		SolutionGuid = {3E96B7BA-F519-4B72-919B-2C9721194989}
	EndGlobalSection
EndGlobal
